
Microsoft Visual Studio Solution File, Format Version 12.00
# Visual Studio Version 16
VisualStudioVersion = 16.0.810.21
MinimumVisualStudioVersion = 10.0.40219.1
Project("{FAE04EC0-301F-11D3-BF4B-00C04F79EFBC}") = "Extensions", "Extensions\Extensions.csproj", "{FF1A2BEB-EA9E-4916-8B00-8DABD3387662}"
EndProject
Project("{FAE04EC0-301F-11D3-BF4B-00C04F79EFBC}") = "ExtensionMethods", "ExtensionMethods\ExtensionMethods.csproj", "{4A9E4938-1401-419C-AB36-6B300D6368D3}"
EndProject
Global
	GlobalSection(SolutionConfigurationPlatforms) = preSolution
		Debug|Any CPU = Debug|Any CPU
		Release|Any CPU = Release|Any CPU
	EndGlobalSection
	GlobalSection(ProjectConfigurationPlatforms) = postSolution
		{FF1A2BEB-EA9E-4916-8B00-8DABD3387662}.Debug|Any CPU.ActiveCfg = Debug|Any CPU
		{FF1A2BEB-EA9E-4916-8B00-8DABD3387662}.Debug|Any CPU.Build.0 = Debug|Any CPU
		{FF1A2BEB-EA9E-4916-8B00-8DABD3387662}.Release|Any CPU.ActiveCfg = Release|Any CPU
		{FF1A2BEB-EA9E-4916-8B00-8DABD3387662}.Release|Any CPU.Build.0 = Release|Any CPU
		{4A9E4938-1401-419C-AB36-6B300D6368D3}.Debug|Any CPU.ActiveCfg = Debug|Any CPU
		{4A9E4938-1401-419C-AB36-6B300D6368D3}.Debug|Any CPU.Build.0 = Debug|Any CPU
		{4A9E4938-1401-419C-AB36-6B300D6368D3}.Release|Any CPU.ActiveCfg = Release|Any CPU
		{4A9E4938-1401-419C-AB36-6B300D6368D3}.Release|Any CPU.Build.0 = Release|Any CPU
	EndGlobalSection
	GlobalSection(SolutionProperties) = preSolution
		HideSolutionNode = FALSE
	EndGlobalSection
	GlobalSection(ExtensibilityGlobals) = postSolution
		SolutionGuid = {6F60C76C-03FB-48BC-BCEA-791A885DCD90}
	EndGlobalSection
EndGlobal
